
Microsoft Visual Studio Solution File, Format Version 12.00
# Visual Studio Version 16
VisualStudioVersion = 16.0.32126.315
MinimumVisualStudioVersion = 10.0.40219.1
Project("{9A19103F-16F7-4668-BE54-9A1E7A4F7556}") = "Arrays", "Arrays.csproj", "{7A24691A-A0C0-440C-9E2D-2531C1460789}"
EndProject
Global
	GlobalSection(SolutionConfigurationPlatforms) = preSolution
		Debug|Any CPU = Debug|Any CPU
		Release|Any CPU = Release|Any CPU
	EndGlobalSection
	GlobalSection(ProjectConfigurationPlatforms) = postSolution
		{7A24691A-A0C0-440C-9E2D-2531C1460789}.Debug|Any CPU.ActiveCfg = Debug|Any CPU
		{7A24691A-A0C0-440C-9E2D-2531C1460789}.Debug|Any CPU.Build.0 = Debug|Any CPU
		{7A24691A-A0C0-440C-9E2D-2531C1460789}.Release|Any CPU.ActiveCfg = Release|Any CPU
		{7A24691A-A0C0-440C-9E2D-2531C1460789}.Release|Any CPU.Build.0 = Release|Any CPU
	EndGlobalSection
	GlobalSection(SolutionProperties) = preSolution
		HideSolutionNode = FALSE
	EndGlobalSection
	GlobalSection(ExtensibilityGlobals) = postSolution
		SolutionGuid = {E6C93259-6183-4888-BFF5-4EBB70F95121}
	EndGlobalSection
EndGlobal
